
Microsoft Visual Studio Solution File, Format Version 12.00
# Visual Studio Version 16
VisualStudioVersion = 16.0.36422.26
MinimumVisualStudioVersion = 10.0.40219.1
Project("{FAE04EC0-301F-11D3-BF4B-00C04F79EFBC}") = "Alignment.Core", "Alignment.Core\Alignment.Core.csproj", "{3EAADF6F-45A8-4C3B-8D08-386954D7C1DB}"
EndProject
Project("{FAE04EC0-301F-11D3-BF4B-00C04F79EFBC}") = "Alignment.WPF", "Alignment.WPF\Alignment.WPF.csproj", "{21350D22-F52F-4F95-93FB-90A330B99122}"
EndProject
Project("{FAE04EC0-301F-11D3-BF4B-00C04F79EFBC}") = "AlignmentTest", "AlignmentTest\AlignmentTest.csproj", "{55179882-C5DE-4C0B-A9FA-879D82BAF00E}"
EndProject
Project("{FAE04EC0-301F-11D3-BF4B-00C04F79EFBC}") = "Alignment.Coordinator.Core", "Alignment.Coordinator.Core\Alignment.Coordinator.Core.csproj", "{03AA8564-61FD-4461-9910-C159F5886F5E}"
EndProject
Project("{FAE04EC0-301F-11D3-BF4B-00C04F79EFBC}") = "Alignment.Coordinator.WPF", "Alignment.Coordinator.WPF\Alignment.Coordinator.WPF.csproj", "{F7E116FF-56BD-460A-B99A-C3FE40DF5DEA}"
EndProject
Project("{FAE04EC0-301F-11D3-BF4B-00C04F79EFBC}") = "Recipe.Core", "..\..\..\..\source\repos\RecipeRelated\Recipe.Core\Recipe.Core.csproj", "{D406F576-689A-473F-9526-418A0241EE6F}"
EndProject
Project("{FAE04EC0-301F-11D3-BF4B-00C04F79EFBC}") = "Recipe.WPF", "..\..\..\..\source\repos\RecipeRelated\Recipe.WPF\Recipe.WPF.csproj", "{A96314D9-CF16-4C9A-B0EB-BE04C47121CB}"
EndProject
Project("{FAE04EC0-301F-11D3-BF4B-00C04F79EFBC}") = "RecipeTestApp", "..\..\..\..\source\repos\RecipeRelated\RecipeTestApp\RecipeTestApp.csproj", "{32A8B723-80A8-466A-AE4B-FCF2D0D9AAA2}"
EndProject
Project("{2150E333-8FDC-42A3-9474-1A3956D46DE8}") = "00_Foundations", "00_Foundations", "{E3ABB1E4-3B42-461D-A1D3-5A3D74CCB2F8}"
EndProject
Project("{2150E333-8FDC-42A3-9474-1A3956D46DE8}") = "01_Services", "01_Services", "{69D6E5F9-0B58-4F58-92DD-2D07E838F75A}"
EndProject
Project("{2150E333-8FDC-42A3-9474-1A3956D46DE8}") = "02_UI", "02_UI", "{CBB959D8-1F53-465C-A4D4-07AC6FE0FF5D}"
EndProject
Project("{2150E333-8FDC-42A3-9474-1A3956D46DE8}") = "03_Applications", "03_Applications", "{40207798-82AD-48E2-8744-59027EE87376}"
EndProject
Project("{FAE04EC0-301F-11D3-BF4B-00C04F79EFBC}") = "Core.Abstractions", "Core.Abstractions\Core.Abstractions.csproj", "{144D8633-D8E7-434A-969F-53F9D82B6046}"
EndProject
Project("{FAE04EC0-301F-11D3-BF4B-00C04F79EFBC}") = "Device.Simulation", "Device.Simulation\Device.Simulation.csproj", "{84F03D1D-8281-45A1-BF7D-2F4D7BB18D4F}"
EndProject
Project("{FAE04EC0-301F-11D3-BF4B-00C04F79EFBC}") = "Flow.Core", "Flow.Core\Flow.Core.csproj", "{0347404B-E6C5-4FFF-BA43-8CC166C9F10B}"
EndProject
Global
	GlobalSection(SolutionConfigurationPlatforms) = preSolution
		Debug|Any CPU = Debug|Any CPU
		Release|Any CPU = Release|Any CPU
	EndGlobalSection
	GlobalSection(ProjectConfigurationPlatforms) = postSolution
		{3EAADF6F-45A8-4C3B-8D08-386954D7C1DB}.Debug|Any CPU.ActiveCfg = Debug|Any CPU
		{3EAADF6F-45A8-4C3B-8D08-386954D7C1DB}.Debug|Any CPU.Build.0 = Debug|Any CPU
		{3EAADF6F-45A8-4C3B-8D08-386954D7C1DB}.Release|Any CPU.ActiveCfg = Release|Any CPU
		{3EAADF6F-45A8-4C3B-8D08-386954D7C1DB}.Release|Any CPU.Build.0 = Release|Any CPU
		{21350D22-F52F-4F95-93FB-90A330B99122}.Debug|Any CPU.ActiveCfg = Debug|Any CPU
		{21350D22-F52F-4F95-93FB-90A330B99122}.Debug|Any CPU.Build.0 = Debug|Any CPU
		{21350D22-F52F-4F95-93FB-90A330B99122}.Release|Any CPU.ActiveCfg = Release|Any CPU
		{21350D22-F52F-4F95-93FB-90A330B99122}.Release|Any CPU.Build.0 = Release|Any CPU
		{55179882-C5DE-4C0B-A9FA-879D82BAF00E}.Debug|Any CPU.ActiveCfg = Debug|Any CPU
		{55179882-C5DE-4C0B-A9FA-879D82BAF00E}.Debug|Any CPU.Build.0 = Debug|Any CPU
		{55179882-C5DE-4C0B-A9FA-879D82BAF00E}.Release|Any CPU.ActiveCfg = Release|Any CPU
		{55179882-C5DE-4C0B-A9FA-879D82BAF00E}.Release|Any CPU.Build.0 = Release|Any CPU
		{03AA8564-61FD-4461-9910-C159F5886F5E}.Debug|Any CPU.ActiveCfg = Debug|Any CPU
		{03AA8564-61FD-4461-9910-C159F5886F5E}.Debug|Any CPU.Build.0 = Debug|Any CPU
		{03AA8564-61FD-4461-9910-C159F5886F5E}.Release|Any CPU.ActiveCfg = Release|Any CPU
		{03AA8564-61FD-4461-9910-C159F5886F5E}.Release|Any CPU.Build.0 = Release|Any CPU
		{F7E116FF-56BD-460A-B99A-C3FE40DF5DEA}.Debug|Any CPU.ActiveCfg = Debug|Any CPU
		{F7E116FF-56BD-460A-B99A-C3FE40DF5DEA}.Debug|Any CPU.Build.0 = Debug|Any CPU
		{F7E116FF-56BD-460A-B99A-C3FE40DF5DEA}.Release|Any CPU.ActiveCfg = Release|Any CPU
		{F7E116FF-56BD-460A-B99A-C3FE40DF5DEA}.Release|Any CPU.Build.0 = Release|Any CPU
		{D406F576-689A-473F-9526-418A0241EE6F}.Debug|Any CPU.ActiveCfg = Debug|Any CPU
		{D406F576-689A-473F-9526-418A0241EE6F}.Debug|Any CPU.Build.0 = Debug|Any CPU
		{D406F576-689A-473F-9526-418A0241EE6F}.Release|Any CPU.ActiveCfg = Release|Any CPU
		{D406F576-689A-473F-9526-418A0241EE6F}.Release|Any CPU.Build.0 = Release|Any CPU
		{A96314D9-CF16-4C9A-B0EB-BE04C47121CB}.Debug|Any CPU.ActiveCfg = Debug|Any CPU
		{A96314D9-CF16-4C9A-B0EB-BE04C47121CB}.Debug|Any CPU.Build.0 = Debug|Any CPU
		{A96314D9-CF16-4C9A-B0EB-BE04C47121CB}.Release|Any CPU.ActiveCfg = Release|Any CPU
		{A96314D9-CF16-4C9A-B0EB-BE04C47121CB}.Release|Any CPU.Build.0 = Release|Any CPU
		{32A8B723-80A8-466A-AE4B-FCF2D0D9AAA2}.Debug|Any CPU.ActiveCfg = Debug|Any CPU
		{32A8B723-80A8-466A-AE4B-FCF2D0D9AAA2}.Debug|Any CPU.Build.0 = Debug|Any CPU
		{32A8B723-80A8-466A-AE4B-FCF2D0D9AAA2}.Release|Any CPU.ActiveCfg = Release|Any CPU
		{32A8B723-80A8-466A-AE4B-FCF2D0D9AAA2}.Release|Any CPU.Build.0 = Release|Any CPU
		{144D8633-D8E7-434A-969F-53F9D82B6046}.Debug|Any CPU.ActiveCfg = Debug|Any CPU
		{144D8633-D8E7-434A-969F-53F9D82B6046}.Debug|Any CPU.Build.0 = Debug|Any CPU
		{144D8633-D8E7-434A-969F-53F9D82B6046}.Release|Any CPU.ActiveCfg = Release|Any CPU
		{144D8633-D8E7-434A-969F-53F9D82B6046}.Release|Any CPU.Build.0 = Release|Any CPU
		{84F03D1D-8281-45A1-BF7D-2F4D7BB18D4F}.Debug|Any CPU.ActiveCfg = Debug|Any CPU
		{84F03D1D-8281-45A1-BF7D-2F4D7BB18D4F}.Debug|Any CPU.Build.0 = Debug|Any CPU
		{84F03D1D-8281-45A1-BF7D-2F4D7BB18D4F}.Release|Any CPU.ActiveCfg = Release|Any CPU
		{84F03D1D-8281-45A1-BF7D-2F4D7BB18D4F}.Release|Any CPU.Build.0 = Release|Any CPU
		{0347404B-E6C5-4FFF-BA43-8CC166C9F10B}.Debug|Any CPU.ActiveCfg = Debug|Any CPU
		{0347404B-E6C5-4FFF-BA43-8CC166C9F10B}.Debug|Any CPU.Build.0 = Debug|Any CPU
		{0347404B-E6C5-4FFF-BA43-8CC166C9F10B}.Release|Any CPU.ActiveCfg = Release|Any CPU
		{0347404B-E6C5-4FFF-BA43-8CC166C9F10B}.Release|Any CPU.Build.0 = Release|Any CPU
	EndGlobalSection
	GlobalSection(SolutionProperties) = preSolution
		HideSolutionNode = FALSE
	EndGlobalSection
	GlobalSection(NestedProjects) = preSolution
		{3EAADF6F-45A8-4C3B-8D08-386954D7C1DB} = {E3ABB1E4-3B42-461D-A1D3-5A3D74CCB2F8}
		{21350D22-F52F-4F95-93FB-90A330B99122} = {CBB959D8-1F53-465C-A4D4-07AC6FE0FF5D}
		{55179882-C5DE-4C0B-A9FA-879D82BAF00E} = {40207798-82AD-48E2-8744-59027EE87376}
		{03AA8564-61FD-4461-9910-C159F5886F5E} = {69D6E5F9-0B58-4F58-92DD-2D07E838F75A}
		{F7E116FF-56BD-460A-B99A-C3FE40DF5DEA} = {CBB959D8-1F53-465C-A4D4-07AC6FE0FF5D}
		{D406F576-689A-473F-9526-418A0241EE6F} = {E3ABB1E4-3B42-461D-A1D3-5A3D74CCB2F8}
		{A96314D9-CF16-4C9A-B0EB-BE04C47121CB} = {CBB959D8-1F53-465C-A4D4-07AC6FE0FF5D}
		{32A8B723-80A8-466A-AE4B-FCF2D0D9AAA2} = {40207798-82AD-48E2-8744-59027EE87376}
		{144D8633-D8E7-434A-969F-53F9D82B6046} = {E3ABB1E4-3B42-461D-A1D3-5A3D74CCB2F8}
		{84F03D1D-8281-45A1-BF7D-2F4D7BB18D4F} = {69D6E5F9-0B58-4F58-92DD-2D07E838F75A}
		{0347404B-E6C5-4FFF-BA43-8CC166C9F10B} = {69D6E5F9-0B58-4F58-92DD-2D07E838F75A}
	EndGlobalSection
	GlobalSection(ExtensibilityGlobals) = postSolution
		SolutionGuid = {C30DC431-7B93-4F28-B930-AE9950C69C25}
	EndGlobalSection
EndGlobal
