
Microsoft Visual Studio Solution File, Format Version 12.00
# Visual Studio Version 16
VisualStudioVersion = 16.0.36422.26
MinimumVisualStudioVersion = 10.0.40219.1
Project("{FAE04EC0-301F-11D3-BF4B-00C04F79EFBC}") = "Alignment.Core", "Alignment.Core\Alignment.Core.csproj", "{3EAADF6F-45A8-4C3B-8D08-386954D7C1DB}"
EndProject
Project("{FAE04EC0-301F-11D3-BF4B-00C04F79EFBC}") = "Alignment.WPF", "Alignment.WPF\Alignment.WPF.csproj", "{21350D22-F52F-4F95-93FB-90A330B99122}"
EndProject
Project("{FAE04EC0-301F-11D3-BF4B-00C04F79EFBC}") = "AlignmentTest", "AlignmentTest\AlignmentTest.csproj", "{55179882-C5DE-4C0B-A9FA-879D82BAF00E}"
EndProject
Project("{FAE04EC0-301F-11D3-BF4B-00C04F79EFBC}") = "Alignment.Coordinator.Core", "Alignment.Coordinator.Core\Alignment.Coordinator.Core.csproj", "{03AA8564-61FD-4461-9910-C159F5886F5E}"
EndProject
Project("{FAE04EC0-301F-11D3-BF4B-00C04F79EFBC}") = "Alignment.Coordinator.WPF", "Alignment.Coordinator.WPF\Alignment.Coordinator.WPF.csproj", "{F7E116FF-56BD-460A-B99A-C3FE40DF5DEA}"
EndProject
Global
	GlobalSection(SolutionConfigurationPlatforms) = preSolution
		Debug|Any CPU = Debug|Any CPU
		Release|Any CPU = Release|Any CPU
	EndGlobalSection
	GlobalSection(ProjectConfigurationPlatforms) = postSolution
		{3EAADF6F-45A8-4C3B-8D08-386954D7C1DB}.Debug|Any CPU.ActiveCfg = Debug|Any CPU
		{3EAADF6F-45A8-4C3B-8D08-386954D7C1DB}.Debug|Any CPU.Build.0 = Debug|Any CPU
		{3EAADF6F-45A8-4C3B-8D08-386954D7C1DB}.Release|Any CPU.ActiveCfg = Release|Any CPU
		{3EAADF6F-45A8-4C3B-8D08-386954D7C1DB}.Release|Any CPU.Build.0 = Release|Any CPU
		{21350D22-F52F-4F95-93FB-90A330B99122}.Debug|Any CPU.ActiveCfg = Debug|Any CPU
		{21350D22-F52F-4F95-93FB-90A330B99122}.Debug|Any CPU.Build.0 = Debug|Any CPU
		{21350D22-F52F-4F95-93FB-90A330B99122}.Release|Any CPU.ActiveCfg = Release|Any CPU
		{21350D22-F52F-4F95-93FB-90A330B99122}.Release|Any CPU.Build.0 = Release|Any CPU
		{55179882-C5DE-4C0B-A9FA-879D82BAF00E}.Debug|Any CPU.ActiveCfg = Debug|Any CPU
		{55179882-C5DE-4C0B-A9FA-879D82BAF00E}.Debug|Any CPU.Build.0 = Debug|Any CPU
		{55179882-C5DE-4C0B-A9FA-879D82BAF00E}.Release|Any CPU.ActiveCfg = Release|Any CPU
		{55179882-C5DE-4C0B-A9FA-879D82BAF00E}.Release|Any CPU.Build.0 = Release|Any CPU
		{03AA8564-61FD-4461-9910-C159F5886F5E}.Debug|Any CPU.ActiveCfg = Debug|Any CPU
		{03AA8564-61FD-4461-9910-C159F5886F5E}.Debug|Any CPU.Build.0 = Debug|Any CPU
		{03AA8564-61FD-4461-9910-C159F5886F5E}.Release|Any CPU.ActiveCfg = Release|Any CPU
		{03AA8564-61FD-4461-9910-C159F5886F5E}.Release|Any CPU.Build.0 = Release|Any CPU
		{F7E116FF-56BD-460A-B99A-C3FE40DF5DEA}.Debug|Any CPU.ActiveCfg = Debug|Any CPU
		{F7E116FF-56BD-460A-B99A-C3FE40DF5DEA}.Debug|Any CPU.Build.0 = Debug|Any CPU
		{F7E116FF-56BD-460A-B99A-C3FE40DF5DEA}.Release|Any CPU.ActiveCfg = Release|Any CPU
		{F7E116FF-56BD-460A-B99A-C3FE40DF5DEA}.Release|Any CPU.Build.0 = Release|Any CPU
	EndGlobalSection
	GlobalSection(SolutionProperties) = preSolution
		HideSolutionNode = FALSE
	EndGlobalSection
	GlobalSection(ExtensibilityGlobals) = postSolution
		SolutionGuid = {C30DC431-7B93-4F28-B930-AE9950C69C25}
	EndGlobalSection
EndGlobal
